core:changelogs:
  - content: "---\nsubject: Update the Skill CLI command parser\npackages:\n  orgmemory:\n    type: patch\n---\n\n## Improvements\n\nUpdate the OrgMemory Skill CLI to Commander 15 while retaining its existing\nESM and Node 24 runtime contract.\n"
    filename: commander-15.md
    v: 0.0.0
  - content: "---\nsubject: Update graph database runtime dependencies\npackages:\n  orgmemory:\n    type: patch\n---\n\n## Improvements\n\nUpdate the Neo4j Java Driver to 6.2 for the graph storage adapter and refresh\nthe JUnit platform used by the backend test suite.\n"
    filename: neo4j-driver-6-2.md
    v: 0.0.0
  - content: "---\nsubject: Refresh Node application runtime dependencies\npackages:\n  orgmemory:\n    type: patch\n---\n\n## Improvements\n\nUpdate the MCP CLI, Assistant web client, and public documentation runtime\ndependencies to their latest compatible minor and patch releases.\n"
    filename: node-runtime-maintenance.md
    v: 0.0.0
core:packages:
  - changelogIds:
      - commander-15.md
      - neo4j-driver-6-2.md
      - node-runtime-maintenance.md
    id: product:orgmemory
    updated: true
