core:changelogs:
  - content: "---\nsubject: Keep completed releases idle on later commits\npackages:\n  orgmemory:\n    type: patch\n---\n\n## Operations\n\nAfter a product release is fully published, a later green-main change with no\nrelease entry now remains an explicit release no-op instead of retrying the old\nrelease against newer repository content. Pending releases still resume and\ncontinue to block newer version work until recovery.\n"
    filename: 2026-08-12-complete-lock-release-noop.md
    v: 0.0.0
core:packages:
  - changelogIds:
      - 2026-08-12-complete-lock-release-noop.md
    id: product:orgmemory
    updated: true
